// !$*UTF8*$!
{
	archiveVersion = 1;
	classes = {
	};
	objectVersion = 50;
	objects = {

/* Begin PBXBuildFile section */
		4ACE6DEA8EE7BE6E6566CA54 /* Pods_appFireBase.framework in Frameworks */ = {isa = PBXBuildFile; fileRef = 93F54C0450ECF7FDAD7451C0 /* Pods_appFireBase.framework */; };
		B3368330235AF1650005F1FA /* AppDelegate.swift in Sources */ = {isa = PBXBuildFile; fileRef = B336832F235AF1650005F1FA /* AppDelegate.swift */; };
		B3368332235AF1650005F1FA /* ViewController.swift in Sources */ = {isa = PBXBuildFile; fileRef = B3368331235AF1650005F1FA /* ViewController.swift */; };
		B3368335235AF1650005F1FA /* Main.storyboard in Resources */ = {isa = PBXBuildFile; fileRef = B3368333235AF1650005F1FA /* Main.storyboard */; };
		B3368337235AF1660005F1FA /* Assets.xcassets in Resources */ = {isa = PBXBuildFile; fileRef = B3368336235AF1660005F1FA /* Assets.xcassets */; };
		B336833A235AF1660005F1FA /* LaunchScreen.storyboard in Resources */ = {isa = PBXBuildFile; fileRef = B3368338235AF1660005F1FA /* LaunchScreen.storyboard */; };
		B3368342235AF5CE0005F1FA /* AuthViewController.swift in Sources */ = {isa = PBXBuildFile; fileRef = B3368341235AF5CE0005F1FA /* AuthViewController.swift */; };
		B3368348235AFB930005F1FA /* GoogleService-Info.plist in Resources */ = {isa = PBXBuildFile; fileRef = B3368347235AFB930005F1FA /* GoogleService-Info.plist */; };
/* End PBXBuildFile section */

/* Begin PBXFileReference section */
		1F7755F7F82ECE8E19B6033F /* Pods-appFireBase.release.xcconfig */ = {isa = PBXFileReference; includeInIndex = 1; lastKnownFileType = text.xcconfig; name = "Pods-appFireBase.release.xcconfig"; path = "Target Support Files/Pods-appFireBase/Pods-appFireBase.release.xcconfig"; sourceTree = "<group>"; };
		6719E605382A301898631E19 /* Pods-appFireBase.debug.xcconfig */ = {isa = PBXFileReference; includeInIndex = 1; lastKnownFileType = text.xcconfig; name = "Pods-appFireBase.debug.xcconfig"; path = "Target Support Files/Pods-appFireBase/Pods-appFireBase.debug.xcconfig"; sourceTree = "<group>"; };
		93F54C0450ECF7FDAD7451C0 /* Pods_appFireBase.framework */ = {isa = PBXFileReference; explicitFileType = wrapper.framework; includeInIndex = 0; path = Pods_appFireBase.framework; sourceTree = BUILT_PRODUCTS_DIR; };
		B336832C235AF1650005F1FA /* appFireBase.app */ = {isa = PBXFileReference; explicitFileType = wrapper.application; includeInIndex = 0; path = appFireBase.app; sourceTree = BUILT_PRODUCTS_DIR; };
		B336832F235AF1650005F1FA /* AppDelegate.swift */ = {isa = PBXFileReference; lastKnownFileType = sourcecode.swift; path = AppDelegate.swift; sourceTree = "<group>"; };
		B3368331235AF1650005F1FA /* ViewController.swift */ = {isa = PBXFileReference; lastKnownFileType = sourcecode.swift; path = ViewController.swift; sourceTree = "<group>"; };
		B3368334235AF1650005F1FA /* Base */ = {isa = PBXFileReference; lastKnownFileType = file.storyboard; name = Base; path = Base.lproj/Main.storyboard; sourceTree = "<group>"; };
		B3368336235AF1660005F1FA /* Assets.xcassets */ = {isa = PBXFileReference; lastKnownFileType = folder.assetcatalog; path = Assets.xcassets; sourceTree = "<group>"; };
		B3368339235AF1660005F1FA /* Base */ = {isa = PBXFileReference; lastKnownFileType = file.storyboard; name = Base; path = Base.lproj/LaunchScreen.storyboard; sourceTree = "<group>"; };
		B336833B235AF1660005F1FA /* Info.plist */ = {isa = PBXFileReference; lastKnownFileType = text.plist.xml; path = Info.plist; sourceTree = "<group>"; };
		B3368341235AF5CE0005F1FA /* AuthViewController.swift */ = {isa = PBXFileReference; lastKnownFileType = sourcecode.swift; path = AuthViewController.swift; sourceTree = "<group>"; };
		B3368347235AFB930005F1FA /* GoogleService-Info.plist */ = {isa = PBXFileReference; fileEncoding = 4; lastKnownFileType = text.plist.xml; path = "GoogleService-Info.plist"; sourceTree = "<group>"; };
/* End PBXFileReference section */

/* Begin PBXFrameworksBuildPhase section */
		B3368329235AF1650005F1FA /* Frameworks */ = {
			isa = PBXFrameworksBuildPhase;
			buildActionMask = 2147483647;
			files = (
				4ACE6DEA8EE7BE6E6566CA54 /* Pods_appFireBase.framework in Frameworks */,
			);
			runOnlyForDeploymentPostprocessing = 0;
		};
/* End PBXFrameworksBuildPhase section */

/* Begin PBXGroup section */
		00000E0D7A77FD988A445ACF /* Pods */ = {
			isa = PBXGroup;
			children = (
				6719E605382A301898631E19 /* Pods-appFireBase.debug.xcconfig */,
				1F7755F7F82ECE8E19B6033F /* Pods-appFireBase.release.xcconfig */,
			);
			name = Pods;
			path = Pods;
			sourceTree = "<group>";
		};
		B3368323235AF1650005F1FA = {
			isa = PBXGroup;
			children = (
				B336832E235AF1650005F1FA /* appFireBase */,
				B336832D235AF1650005F1FA /* Products */,
				00000E0D7A77FD988A445ACF /* Pods */,
				B9E1A287CB29A667DF9C4DC8 /* Frameworks */,
			);
			sourceTree = "<group>";
		};
		B336832D235AF1650005F1FA /* Products */ = {
			isa = PBXGroup;
			children = (
				B336832C235AF1650005F1FA /* appFireBase.app */,
			);
			name = Products;
			sourceTree = "<group>";
		};
		B336832E235AF1650005F1FA /* appFireBase */ = {
			isa = PBXGroup;
			children = (
				B336832F235AF1650005F1FA /* AppDelegate.swift */,
				B3368331235AF1650005F1FA /* ViewController.swift */,
				B3368333235AF1650005F1FA /* Main.storyboard */,
				B3368336235AF1660005F1FA /* Assets.xcassets */,
				B3368338235AF1660005F1FA /* LaunchScreen.storyboard */,
				B336833B235AF1660005F1FA /* Info.plist */,
				B3368341235AF5CE0005F1FA /* AuthViewController.swift */,
				B3368347235AFB930005F1FA /* GoogleService-Info.plist */,
			);
			path = appFireBase;
			sourceTree = "<group>";
		};
		B9E1A287CB29A667DF9C4DC8 /* Frameworks */ = {
			isa = PBXGroup;
			children = (
				93F54C0450ECF7FDAD7451C0 /* Pods_appFireBase.framework */,
			);
			name = Frameworks;
			sourceTree = "<group>";
		};
/* End PBXGroup section */

/* Begin PBXNativeTarget section */
		B336832B235AF1650005F1FA /* appFireBase */ = {
			isa = PBXNativeTarget;
			buildConfigurationList = B336833E235AF1660005F1FA /* Build configuration list for PBXNativeTarget "appFireBase" */;
			buildPhases = (
				B077D0A0C19CF177DC5BB4E5 /* [CP] Check Pods Manifest.lock */,
				B3368328235AF1650005F1FA /* Sources */,
				B3368329235AF1650005F1FA /* Frameworks */,
				B336832A235AF1650005F1FA /* Resources */,
				D93B1888A86F00EF39872694 /* [CP] Embed Pods Frameworks */,
			);
			buildRules = (
			);
			dependencies = (
			);
			name = appFireBase;
			productName = appFireBase;
			productReference = B336832C235AF1650005F1FA /* appFireBase.app */;
			productType = "com.apple.product-type.application";
		};
/* End PBXNativeTarget section */

/* Begin PBXProject section */
		B3368324235AF1650005F1FA /* Project object */ = {
			isa = PBXProject;
			attributes = {
				LastSwiftUpdateCheck = 1030;
				LastUpgradeCheck = 1030;
				ORGANIZATIONNAME = Leonid;
				TargetAttributes = {
					B336832B235AF1650005F1FA = {
						CreatedOnToolsVersion = 10.3;
					};
				};
			};
			buildConfigurationList = B3368327235AF1650005F1FA /* Build configuration list for PBXProject "appFireBase" */;
			compatibilityVersion = "Xcode 9.3";
			developmentRegion = en;
			hasScannedForEncodings = 0;
			knownRegions = (
				en,
				Base,
			);
			mainGroup = B3368323235AF1650005F1FA;
			productRefGroup = B336832D235AF1650005F1FA /* Products */;
			projectDirPath = "";
			projectRoot = "";
			targets = (
				B336832B235AF1650005F1FA /* appFireBase */,
			);
		};
/* End PBXProject section */

/* Begin PBXResourcesBuildPhase section */
		B336832A235AF1650005F1FA /* Resources */ = {
			isa = PBXResourcesBuildPhase;
			buildActionMask = 2147483647;
			files = (
				B336833A235AF1660005F1FA /* LaunchScreen.storyboard in Resources */,
				B3368348235AFB930005F1FA /* GoogleService-Info.plist in Resources */,
				B3368337235AF1660005F1FA /* Assets.xcassets in Resources */,
				B3368335235AF1650005F1FA /* Main.storyboard in Resources */,
			);
			runOnlyForDeploymentPostprocessing = 0;
		};
/* End PBXResourcesBuildPhase section */

/* Begin PBXShellScriptBuildPhase section */
		B077D0A0C19CF177DC5BB4E5 /* [CP] Check Pods Manifest.lock */ = {
			isa = PBXShellScriptBuildPhase;
			buildActionMask = 2147483647;
			files = (
			);
			inputFileListPaths = (
			);
			inputPaths = (
				"${PODS_PODFILE_DIR_PATH}/Podfile.lock",
				"${PODS_ROOT}/Manifest.lock",
			);
			name = "[CP] Check Pods Manifest.lock";
			outputFileListPaths = (
			);
			outputPaths = (
				"$(DERIVED_FILE_DIR)/Pods-appFireBase-checkManifestLockResult.txt",
			);
			runOnlyForDeploymentPostprocessing = 0;
			shellPath = /bin/sh;
			shellScript = "diff \"${PODS_PODFILE_DIR_PATH}/Podfile.lock\" \"${PODS_ROOT}/Manifest.lock\" > /dev/null\nif [ $? != 0 ] ; then\n    # print error to STDERR\n    echo \"error: The sandbox is not in sync with the Podfile.lock. Run 'pod install' or update your CocoaPods installation.\" >&2\n    exit 1\nfi\n# This output is used by Xcode 'outputs' to avoid re-running this script phase.\necho \"SUCCESS\" > \"${SCRIPT_OUTPUT_FILE_0}\"\n";
			showEnvVarsInLog = 0;
		};
		D93B1888A86F00EF39872694 /* [CP] Embed Pods Frameworks */ = {
			isa = PBXShellScriptBuildPhase;
			buildActionMask = 2147483647;
			files = (
			);
			inputFileListPaths = (
				"${PODS_ROOT}/Target Support Files/Pods-appFireBase/Pods-appFireBase-frameworks-${CONFIGURATION}-input-files.xcfilelist",
			);
			name = "[CP] Embed Pods Frameworks";
			outputFileListPaths = (
				"${PODS_ROOT}/Target Support Files/Pods-appFireBase/Pods-appFireBase-frameworks-${CONFIGURATION}-output-files.xcfilelist",
			);
			runOnlyForDeploymentPostprocessing = 0;
			shellPath = /bin/sh;
			shellScript = "\"${PODS_ROOT}/Target Support Files/Pods-appFireBase/Pods-appFireBase-frameworks.sh\"\n";
			showEnvVarsInLog = 0;
		};
/* End PBXShellScriptBuildPhase section */

/* Begin PBXSourcesBuildPhase section */
		B3368328235AF1650005F1FA /* Sources */ = {
			isa = PBXSourcesBuildPhase;
			buildActionMask = 2147483647;
			files = (
				B3368332235AF1650005F1FA /* ViewController.swift in Sources */,
				B3368342235AF5CE0005F1FA /* AuthViewController.swift in Sources */,
				B3368330235AF1650005F1FA /* AppDelegate.swift in Sources */,
			);
			runOnlyForDeploymentPostprocessing = 0;
		};
/* End PBXSourcesBuildPhase section */

/* Begin PBXVariantGroup section */
		B3368333235AF1650005F1FA /* Main.storyboard */ = {
			isa = PBXVariantGroup;
			children = (
				B3368334235AF1650005F1FA /* Base */,
			);
			name = Main.storyboard;
			sourceTree = "<group>";
		};
		B3368338235AF1660005F1FA /* LaunchScreen.storyboard */ = {
			isa = PBXVariantGroup;
			children = (
				B3368339235AF1660005F1FA /* Base */,
			);
			name = LaunchScreen.storyboard;
			sourceTree = "<group>";
		};
/* End PBXVariantGroup section */

/* Begin XCBuildConfiguration section */
		B336833C235AF1660005F1FA /* Debug */ = {
			isa = XCBuildConfiguration;
			buildSettings = {
				ALWAYS_SEARCH_USER_PATHS = NO;
				CLANG_ANALYZER_NONNULL = YES;
				CLANG_ANALYZER_NUMBER_OBJECT_CONVERSION = YES_AGGRESSIVE;
				CLANG_CXX_LANGUAGE_STANDARD = "gnu++14";
				CLANG_CXX_LIBRARY = "libc++";
				CLANG_ENABLE_MODULES = YES;
				CLANG_ENABLE_OBJC_ARC = YES;
				CLANG_ENABLE_OBJC_WEAK = YES;
				CLANG_WARN_BLOCK_CAPTURE_AUTORELEASING = YES;
				CLANG_WARN_BOOL_CONVERSION = YES;
				CLANG_WARN_COMMA = YES;
				CLANG_WARN_CONSTANT_CONVERSION = YES;
				CLANG_WARN_DEPRECATED_OBJC_IMPLEMENTATIONS = YES;
				CLANG_WARN_DIRECT_OBJC_ISA_USAGE = YES_ERROR;
				CLANG_WARN_DOCUMENTATION_COMMENTS = YES;
				CLANG_WARN_EMPTY_BODY = YES;
				CLANG_WARN_ENUM_CONVERSION = YES;
				CLANG_WARN_INFINITE_RECURSION = YES;
				CLANG_WARN_INT_CONVERSION = YES;
				CLANG_WARN_NON_LITERAL_NULL_CONVERSION = YES;
				CLANG_WARN_OBJC_IMPLICIT_RETAIN_SELF = YES;
				CLANG_WARN_OBJC_LITERAL_CONVERSION = YES;
				CLANG_WARN_OBJC_ROOT_CLASS = YES_ERROR;
				CLANG_WARN_RANGE_LOOP_ANALYSIS = YES;
				CLANG_WARN_STRICT_PROTOTYPES = YES;
				CLANG_WARN_SUSPICIOUS_MOVE = YES;
				CLANG_WARN_UNGUARDED_AVAILABILITY = YES_AGGRESSIVE;
				CLANG_WARN_UNREACHABLE_CODE = YES;
				CLANG_WARN__DUPLICATE_METHOD_MATCH = YES;
				CODE_SIGN_IDENTITY = "iPhone Developer";
				COPY_PHASE_STRIP = NO;
				DEBUG_INFORMATION_FORMAT = dwarf;
				ENABLE_STRICT_OBJC_MSGSEND = YES;
				ENABLE_TESTABILITY = YES;
				GCC_C_LANGUAGE_STANDARD = gnu11;
				GCC_DYNAMIC_NO_PIC = NO;
				GCC_NO_COMMON_BLOCKS = YES;
				GCC_OPTIMIZATION_LEVEL = 0;
				GCC_PREPROCESSOR_DEFINITIONS = (
					"DEBUG=1",
					"$(inherited)",
				);
				GCC_WARN_64_TO_32_BIT_CONVERSION = YES;
				GCC_WARN_ABOUT_RETURN_TYPE = YES_ERROR;
				GCC_WARN_UNDECLARED_SELECTOR = YES;
				GCC_WARN_UNINITIALIZED_AUTOS = YES_AGGRESSIVE;
				GCC_WARN_UNUSED_FUNCTION = YES;
				GCC_WARN_UNUSED_VARIABLE = YES;
				IPHONEOS_DEPLOYMENT_TARGET = 12.4;
				MTL_ENABLE_DEBUG_INFO = INCLUDE_SOURCE;
				MTL_FAST_MATH = YES;
				ONLY_ACTIVE_ARCH = YES;
				SDKROOT = iphoneos;
				SWIFT_ACTIVE_COMPILATION_CONDITIONS = DEBUG;
				SWIFT_OPTIMIZATION_LEVEL = "-Onone";
			};
			name = Debug;
		};
		B336833D235AF1660005F1FA /* Release */ = {
			isa = XCBuildConfiguration;
			buildSettings = {
				ALWAYS_SEARCH_USER_PATHS = NO;
				CLANG_ANALYZER_NONNULL = YES;
				CLANG_ANALYZER_NUMBER_OBJECT_CONVERSION = YES_AGGRESSIVE;
				CLANG_CXX_LANGUAGE_STANDARD = "gnu++14";
				CLANG_CXX_LIBRARY = "libc++";
				CLANG_ENABLE_MODULES = YES;
				CLANG_ENABLE_OBJC_ARC = YES;
				CLANG_ENABLE_OBJC_WEAK = YES;
				CLANG_WARN_BLOCK_CAPTURE_AUTORELEASING = YES;
				CLANG_WARN_BOOL_CONVERSION = YES;
				CLANG_WARN_COMMA = YES;
				CLANG_WARN_CONSTANT_CONVERSION = YES;
				CLANG_WARN_DEPRECATED_OBJC_IMPLEMENTATIONS = YES;
				CLANG_WARN_DIRECT_OBJC_ISA_USAGE = YES_ERROR;
				CLANG_WARN_DOCUMENTATION_COMMENTS = YES;
				CLANG_WARN_EMPTY_BODY = YES;
				CLANG_WARN_ENUM_CONVERSION = YES;
				CLANG_WARN_INFINITE_RECURSION = YES;
				CLANG_WARN_INT_CONVERSION = YES;
				CLANG_WARN_NON_LITERAL_NULL_CONVERSION = YES;
				CLANG_WARN_OBJC_IMPLICIT_RETAIN_SELF = YES;
				CLANG_WARN_OBJC_LITERAL_CONVERSION = YES;
				CLANG_WARN_OBJC_ROOT_CLASS = YES_ERROR;
				CLANG_WARN_RANGE_LOOP_ANALYSIS = YES;
				CLANG_WARN_STRICT_PROTOTYPES = YES;
				CLANG_WARN_SUSPICIOUS_MOVE = YES;
				CLANG_WARN_UNGUARDED_AVAILABILITY = YES_AGGRESSIVE;
				CLANG_WARN_UNREACHABLE_CODE = YES;
				CLANG_WARN__DUPLICATE_METHOD_MATCH = YES;
				CODE_SIGN_IDENTITY = "iPhone Developer";
				COPY_PHASE_STRIP = NO;
				DEBUG_INFORMATION_FORMAT = "dwarf-with-dsym";
				ENABLE_NS_ASSERTIONS = NO;
				ENABLE_STRICT_OBJC_MSGSEND = YES;
				GCC_C_LANGUAGE_STANDARD = gnu11;
				GCC_NO_COMMON_BLOCKS = YES;
				GCC_WARN_64_TO_32_BIT_CONVERSION = YES;
				GCC_WARN_ABOUT_RETURN_TYPE = YES_ERROR;
				GCC_WARN_UNDECLARED_SELECTOR = YES;
				GCC_WARN_UNINITIALIZED_AUTOS = YES_AGGRESSIVE;
				GCC_WARN_UNUSED_FUNCTION = YES;
				GCC_WARN_UNUSED_VARIABLE = YES;
				IPHONEOS_DEPLOYMENT_TARGET = 12.4;
				MTL_ENABLE_DEBUG_INFO = NO;
				MTL_FAST_MATH = YES;
				SDKROOT = iphoneos;
				SWIFT_COMPILATION_MODE = wholemodule;
				SWIFT_OPTIMIZATION_LEVEL = "-O";
				VALIDATE_PRODUCT = YES;
			};
			name = Release;
		};
		B336833F235AF1660005F1FA /* Debug */ = {
			isa = XCBuildConfiguration;
			baseConfigurationReference = 6719E605382A301898631E19 /* Pods-appFireBase.debug.xcconfig */;
			buildSettings = {
				ASSETCATALOG_COMPILER_APPICON_NAME = AppIcon;
				CODE_SIGN_STYLE = Automatic;
				INFOPLIST_FILE = appFireBase/Info.plist;
				LD_RUNPATH_SEARCH_PATHS = (
					"$(inherited)",
					"@executable_path/Frameworks",
				);
				PRODUCT_BUNDLE_IDENTIFIER = Leonid.appFireBase;
				PRODUCT_NAME = "$(TARGET_NAME)";
				SWIFT_VERSION = 5.0;
				TARGETED_DEVICE_FAMILY = "1,2";
			};
			name = Debug;
		};
		B3368340235AF1660005F1FA /* Release */ = {
			isa = XCBuildConfiguration;
			baseConfigurationReference = 1F7755F7F82ECE8E19B6033F /* Pods-appFireBase.release.xcconfig */;
			buildSettings = {
				ASSETCATALOG_COMPILER_APPICON_NAME = AppIcon;
				CODE_SIGN_STYLE = Automatic;
				INFOPLIST_FILE = appFireBase/Info.plist;
				LD_RUNPATH_SEARCH_PATHS = (
					"$(inherited)",
					"@executable_path/Frameworks",
				);
				PRODUCT_BUNDLE_IDENTIFIER = Leonid.appFireBase;
				PRODUCT_NAME = "$(TARGET_NAME)";
				SWIFT_VERSION = 5.0;
				TARGETED_DEVICE_FAMILY = "1,2";
			};
			name = Release;
		};
/* End XCBuildConfiguration section */

/* Begin XCConfigurationList section */
		B3368327235AF1650005F1FA /* Build configuration list for PBXProject "appFireBase" */ = {
			isa = XCConfigurationList;
			buildConfigurations = (
				B336833C235AF1660005F1FA /* Debug */,
				B336833D235AF1660005F1FA /* Release */,
			);
			defaultConfigurationIsVisible = 0;
			defaultConfigurationName = Release;
		};
		B336833E235AF1660005F1FA /* Build configuration list for PBXNativeTarget "appFireBase" */ = {
			isa = XCConfigurationList;
			buildConfigurations = (
				B336833F235AF1660005F1FA /* Debug */,
				B3368340235AF1660005F1FA /* Release */,
			);
			defaultConfigurationIsVisible = 0;
			defaultConfigurationName = Release;
		};
/* End XCConfigurationList section */
	};
	rootObject = B3368324235AF1650005F1FA /* Project object */;
}
